
Microsoft Visual Studio Solution File, Format Version 12.00
# Visual Studio 15
VisualStudioVersion = 15.0.28307.902
MinimumVisualStudioVersion = 10.0.40219.1
Project("{FAE04EC0-301F-11D3-BF4B-00C04F79EFBC}") = "EmployeeWeb", "EmployeeWebApp\EmployeeWeb.csproj", "{E3275A0E-A9A8-48D6-90AE-64AF15BE4FCD}"
EndProject
Project("{FAE04EC0-301F-11D3-BF4B-00C04F79EFBC}") = "EmployeeDAL", "EmployeeDAL\EmployeeDAL.csproj", "{00FFF9D1-A86D-4916-8F4A-7A7017B5D971}"
EndProject
Project("{FAE04EC0-301F-11D3-BF4B-00C04F79EFBC}") = "EmployeeBLL", "EmployeeBLL\EmployeeBLL.csproj", "{4A82F0C5-F192-4235-9E5A-8068FDAC36C6}"
EndProject
Global
	GlobalSection(SolutionConfigurationPlatforms) = preSolution
		Debug|Any CPU = Debug|Any CPU
		Release|Any CPU = Release|Any CPU
	EndGlobalSection
	GlobalSection(ProjectConfigurationPlatforms) = postSolution
		{E3275A0E-A9A8-48D6-90AE-64AF15BE4FCD}.Debug|Any CPU.ActiveCfg = Debug|Any CPU
		{E3275A0E-A9A8-48D6-90AE-64AF15BE4FCD}.Debug|Any CPU.Build.0 = Debug|Any CPU
		{E3275A0E-A9A8-48D6-90AE-64AF15BE4FCD}.Release|Any CPU.ActiveCfg = Release|Any CPU
		{E3275A0E-A9A8-48D6-90AE-64AF15BE4FCD}.Release|Any CPU.Build.0 = Release|Any CPU
		{00FFF9D1-A86D-4916-8F4A-7A7017B5D971}.Debug|Any CPU.ActiveCfg = Debug|Any CPU
		{00FFF9D1-A86D-4916-8F4A-7A7017B5D971}.Debug|Any CPU.Build.0 = Debug|Any CPU
		{00FFF9D1-A86D-4916-8F4A-7A7017B5D971}.Release|Any CPU.ActiveCfg = Release|Any CPU
		{00FFF9D1-A86D-4916-8F4A-7A7017B5D971}.Release|Any CPU.Build.0 = Release|Any CPU
		{4A82F0C5-F192-4235-9E5A-8068FDAC36C6}.Debug|Any CPU.ActiveCfg = Debug|Any CPU
		{4A82F0C5-F192-4235-9E5A-8068FDAC36C6}.Debug|Any CPU.Build.0 = Debug|Any CPU
		{4A82F0C5-F192-4235-9E5A-8068FDAC36C6}.Release|Any CPU.ActiveCfg = Release|Any CPU
		{4A82F0C5-F192-4235-9E5A-8068FDAC36C6}.Release|Any CPU.Build.0 = Release|Any CPU
	EndGlobalSection
	GlobalSection(SolutionProperties) = preSolution
		HideSolutionNode = FALSE
	EndGlobalSection
	GlobalSection(ExtensibilityGlobals) = postSolution
		SolutionGuid = {20CD9E7E-0275-4BD2-9E9C-CF2C736A3968}
	EndGlobalSection
EndGlobal
